// !$*UTF8*$!
{
	archiveVersion = 1;
	classes = {
	};
	objectVersion = 46;
	objects = {

/* Begin PBXBuildFile section */
		861D44A1DDE710CC2A787565 /* libPods.a in Frameworks */ = {isa = PBXBuildFile; fileRef = FB0D8C85F5A2E21F4953DEBB /* libPods.a */; };
		B59797AC1A74354B00F7D280 /* main.m in Sources */ = {isa = PBXBuildFile; fileRef = B59797AB1A74354B00F7D280 /* main.m */; };
		B59797AF1A74354B00F7D280 /* AppDelegate.m in Sources */ = {isa = PBXBuildFile; fileRef = B59797AE1A74354B00F7D280 /* AppDelegate.m */; };
		B59797B21A74354B00F7D280 /* ViewController.m in Sources */ = {isa = PBXBuildFile; fileRef = B59797B11A74354B00F7D280 /* ViewController.m */; };
		B59797B51A74354B00F7D280 /* Main.storyboard in Resources */ = {isa = PBXBuildFile; fileRef = B59797B31A74354B00F7D280 /* Main.storyboard */; };
		B59797B71A74354B00F7D280 /* Images.xcassets in Resources */ = {isa = PBXBuildFile; fileRef = B59797B61A74354B00F7D280 /* Images.xcassets */; };
		B59797BA1A74354B00F7D280 /* LaunchScreen.xib in Resources */ = {isa = PBXBuildFile; fileRef = B59797B81A74354B00F7D280 /* LaunchScreen.xib */; };
/* End PBXBuildFile section */

/* Begin PBXFileReference section */
		B59797A61A74354B00F7D280 /* ConfigDemo.app */ = {isa = PBXFileReference; explicitFileType = wrapper.application; includeInIndex = 0; path = ConfigDemo.app; sourceTree = BUILT_PRODUCTS_DIR; };
		B59797AA1A74354B00F7D280 /* Info.plist */ = {isa = PBXFileReference; lastKnownFileType = text.plist.xml; path = Info.plist; sourceTree = "<group>"; };
		B59797AB1A74354B00F7D280 /* main.m */ = {isa = PBXFileReference; lastKnownFileType = sourcecode.c.objc; path = main.m; sourceTree = "<group>"; };
		B59797AD1A74354B00F7D280 /* AppDelegate.h */ = {isa = PBXFileReference; lastKnownFileType = sourcecode.c.h; path = AppDelegate.h; sourceTree = "<group>"; };
		B59797AE1A74354B00F7D280 /* AppDelegate.m */ = {isa = PBXFileReference; lastKnownFileType = sourcecode.c.objc; path = AppDelegate.m; sourceTree = "<group>"; };
		B59797B01A74354B00F7D280 /* ViewController.h */ = {isa = PBXFileReference; lastKnownFileType = sourcecode.c.h; path = ViewController.h; sourceTree = "<group>"; };
		B59797B11A74354B00F7D280 /* ViewController.m */ = {isa = PBXFileReference; lastKnownFileType = sourcecode.c.objc; path = ViewController.m; sourceTree = "<group>"; };
		B59797B41A74354B00F7D280 /* Base */ = {isa = PBXFileReference; lastKnownFileType = file.storyboard; name = Base; path = Base.lproj/Main.storyboard; sourceTree = "<group>"; };
		B59797B61A74354B00F7D280 /* Images.xcassets */ = {isa = PBXFileReference; lastKnownFileType = folder.assetcatalog; path = Images.xcassets; sourceTree = "<group>"; };
		B59797B91A74354B00F7D280 /* Base */ = {isa = PBXFileReference; lastKnownFileType = file.xib; name = Base; path = Base.lproj/LaunchScreen.xib; sourceTree = "<group>"; };
		B59797D01A7435C200F7D280 /* Application.xcconfig */ = {isa = PBXFileReference; lastKnownFileType = text.xcconfig; path = Application.xcconfig; sourceTree = "<group>"; };
		B59797D11A7435CD00F7D280 /* Debug.xcconfig */ = {isa = PBXFileReference; lastKnownFileType = text.xcconfig; path = Debug.xcconfig; sourceTree = "<group>"; };
		B59797D21A7435D300F7D280 /* Release.xcconfig */ = {isa = PBXFileReference; lastKnownFileType = text.xcconfig; path = Release.xcconfig; sourceTree = "<group>"; };
		B59797D31A7435D800F7D280 /* Shared.xcconfig */ = {isa = PBXFileReference; lastKnownFileType = text.xcconfig; path = Shared.xcconfig; sourceTree = "<group>"; };
		FB0D8C85F5A2E21F4953DEBB /* libPods.a */ = {isa = PBXFileReference; explicitFileType = archive.ar; includeInIndex = 0; path = libPods.a; sourceTree = BUILT_PRODUCTS_DIR; };
/* End PBXFileReference section */

/* Begin PBXFrameworksBuildPhase section */
		B59797A31A74354B00F7D280 /* Frameworks */ = {
			isa = PBXFrameworksBuildPhase;
			buildActionMask = 2147483647;
			files = (
				861D44A1DDE710CC2A787565 /* libPods.a in Frameworks */,
			);
			runOnlyForDeploymentPostprocessing = 0;
		};
/* End PBXFrameworksBuildPhase section */

/* Begin PBXGroup section */
		9C82E06D37CA3DEDC75B58F9 /* Frameworks */ = {
			isa = PBXGroup;
			children = (
				FB0D8C85F5A2E21F4953DEBB /* libPods.a */,
			);
			name = Frameworks;
			sourceTree = "<group>";
		};
		B597979D1A74354B00F7D280 = {
			isa = PBXGroup;
			children = (
				B59797A81A74354B00F7D280 /* ConfigDemo */,
				B59797A71A74354B00F7D280 /* Products */,
				B9DC4D7CF15FA38B3A3E92A3 /* Pods */,
				9C82E06D37CA3DEDC75B58F9 /* Frameworks */,
			);
			sourceTree = "<group>";
		};
		B59797A71A74354B00F7D280 /* Products */ = {
			isa = PBXGroup;
			children = (
				B59797A61A74354B00F7D280 /* ConfigDemo.app */,
			);
			name = Products;
			sourceTree = "<group>";
		};
		B59797A81A74354B00F7D280 /* ConfigDemo */ = {
			isa = PBXGroup;
			children = (
				B59797AD1A74354B00F7D280 /* AppDelegate.h */,
				B59797AE1A74354B00F7D280 /* AppDelegate.m */,
				B59797B01A74354B00F7D280 /* ViewController.h */,
				B59797B11A74354B00F7D280 /* ViewController.m */,
				B59797B31A74354B00F7D280 /* Main.storyboard */,
				B59797B61A74354B00F7D280 /* Images.xcassets */,
				B59797B81A74354B00F7D280 /* LaunchScreen.xib */,
				B59797A91A74354B00F7D280 /* Supporting Files */,
			);
			path = ConfigDemo;
			sourceTree = "<group>";
		};
		B59797A91A74354B00F7D280 /* Supporting Files */ = {
			isa = PBXGroup;
			children = (
				B59797CF1A7435A400F7D280 /* Build Configuration */,
				B59797AA1A74354B00F7D280 /* Info.plist */,
				B59797AB1A74354B00F7D280 /* main.m */,
			);
			name = "Supporting Files";
			sourceTree = "<group>";
		};
		B59797CF1A7435A400F7D280 /* Build Configuration */ = {
			isa = PBXGroup;
			children = (
				B59797D01A7435C200F7D280 /* Application.xcconfig */,
				B59797D11A7435CD00F7D280 /* Debug.xcconfig */,
				B59797D21A7435D300F7D280 /* Release.xcconfig */,
				B59797D31A7435D800F7D280 /* Shared.xcconfig */,
			);
			name = "Build Configuration";
			sourceTree = "<group>";
		};
		B9DC4D7CF15FA38B3A3E92A3 /* Pods */ = {
			isa = PBXGroup;
			children = (
			);
			name = Pods;
			sourceTree = "<group>";
		};
/* End PBXGroup section */

/* Begin PBXNativeTarget section */
		B59797A51A74354B00F7D280 /* ConfigDemo */ = {
			isa = PBXNativeTarget;
			buildConfigurationList = B59797C91A74354B00F7D280 /* Build configuration list for PBXNativeTarget "ConfigDemo" */;
			buildPhases = (
				015324A35DEE99F8C02EA67B /* Check Pods Manifest.lock */,
				B59797A21A74354B00F7D280 /* Sources */,
				B59797A31A74354B00F7D280 /* Frameworks */,
				B59797A41A74354B00F7D280 /* Resources */,
				37EE7CA0453F84A3CA89A196 /* Copy Pods Resources */,
			);
			buildRules = (
			);
			dependencies = (
			);
			name = ConfigDemo;
			productName = ConfigDemo;
			productReference = B59797A61A74354B00F7D280 /* ConfigDemo.app */;
			productType = "com.apple.product-type.application";
		};
/* End PBXNativeTarget section */

/* Begin PBXProject section */
		B597979E1A74354B00F7D280 /* Project object */ = {
			isa = PBXProject;
			attributes = {
				LastUpgradeCheck = 0610;
				ORGANIZATIONNAME = NSScreencast;
				TargetAttributes = {
					B59797A51A74354B00F7D280 = {
						CreatedOnToolsVersion = 6.1.1;
					};
				};
			};
			buildConfigurationList = B59797A11A74354B00F7D280 /* Build configuration list for PBXProject "ConfigDemo" */;
			compatibilityVersion = "Xcode 3.2";
			developmentRegion = English;
			hasScannedForEncodings = 0;
			knownRegions = (
				en,
				Base,
			);
			mainGroup = B597979D1A74354B00F7D280;
			productRefGroup = B59797A71A74354B00F7D280 /* Products */;
			projectDirPath = "";
			projectRoot = "";
			targets = (
				B59797A51A74354B00F7D280 /* ConfigDemo */,
			);
		};
/* End PBXProject section */

/* Begin PBXResourcesBuildPhase section */
		B59797A41A74354B00F7D280 /* Resources */ = {
			isa = PBXResourcesBuildPhase;
			buildActionMask = 2147483647;
			files = (
				B59797B51A74354B00F7D280 /* Main.storyboard in Resources */,
				B59797BA1A74354B00F7D280 /* LaunchScreen.xib in Resources */,
				B59797B71A74354B00F7D280 /* Images.xcassets in Resources */,
			);
			runOnlyForDeploymentPostprocessing = 0;
		};
/* End PBXResourcesBuildPhase section */

/* Begin PBXShellScriptBuildPhase section */
		015324A35DEE99F8C02EA67B /* Check Pods Manifest.lock */ = {
			isa = PBXShellScriptBuildPhase;
			buildActionMask = 2147483647;
			files = (
			);
			inputPaths = (
			);
			name = "Check Pods Manifest.lock";
			outputPaths = (
			);
			runOnlyForDeploymentPostprocessing = 0;
			shellPath = /bin/sh;
			shellScript = "diff \"${PODS_ROOT}/../Podfile.lock\" \"${PODS_ROOT}/Manifest.lock\" > /dev/null\nif [[ $? != 0 ]] ; then\n    cat << EOM\nerror: The sandbox is not in sync with the Podfile.lock. Run 'pod install' or update your CocoaPods installation.\nEOM\n    exit 1\nfi\n";
			showEnvVarsInLog = 0;
		};
		37EE7CA0453F84A3CA89A196 /* Copy Pods Resources */ = {
			isa = PBXShellScriptBuildPhase;
			buildActionMask = 2147483647;
			files = (
			);
			inputPaths = (
			);
			name = "Copy Pods Resources";
			outputPaths = (
			);
			runOnlyForDeploymentPostprocessing = 0;
			shellPath = /bin/sh;
			shellScript = "\"${SRCROOT}/Pods/Target Support Files/Pods/Pods-resources.sh\"\n";
			showEnvVarsInLog = 0;
		};
/* End PBXShellScriptBuildPhase section */

/* Begin PBXSourcesBuildPhase section */
		B59797A21A74354B00F7D280 /* Sources */ = {
			isa = PBXSourcesBuildPhase;
			buildActionMask = 2147483647;
			files = (
				B59797B21A74354B00F7D280 /* ViewController.m in Sources */,
				B59797AF1A74354B00F7D280 /* AppDelegate.m in Sources */,
				B59797AC1A74354B00F7D280 /* main.m in Sources */,
			);
			runOnlyForDeploymentPostprocessing = 0;
		};
/* End PBXSourcesBuildPhase section */

/* Begin PBXVariantGroup section */
		B59797B31A74354B00F7D280 /* Main.storyboard */ = {
			isa = PBXVariantGroup;
			children = (
				B59797B41A74354B00F7D280 /* Base */,
			);
			name = Main.storyboard;
			sourceTree = "<group>";
		};
		B59797B81A74354B00F7D280 /* LaunchScreen.xib */ = {
			isa = PBXVariantGroup;
			children = (
				B59797B91A74354B00F7D280 /* Base */,
			);
			name = LaunchScreen.xib;
			sourceTree = "<group>";
		};
/* End PBXVariantGroup section */

/* Begin XCBuildConfiguration section */
		B59797C71A74354B00F7D280 /* Debug */ = {
			isa = XCBuildConfiguration;
			baseConfigurationReference = B59797D01A7435C200F7D280 /* Application.xcconfig */;
			buildSettings = {
				ONLY_ACTIVE_ARCH = YES;
			};
			name = Debug;
		};
		B59797C81A74354B00F7D280 /* Release */ = {
			isa = XCBuildConfiguration;
			baseConfigurationReference = B59797D01A7435C200F7D280 /* Application.xcconfig */;
			buildSettings = {
			};
			name = Release;
		};
		B59797CA1A74354B00F7D280 /* Debug */ = {
			isa = XCBuildConfiguration;
			baseConfigurationReference = B59797D11A7435CD00F7D280 /* Debug.xcconfig */;
			buildSettings = {
				INFOPLIST_FILE = ConfigDemo/Info.plist;
				LD_RUNPATH_SEARCH_PATHS = "$(inherited) @executable_path/Frameworks";
				PRODUCT_NAME = "$(TARGET_NAME)";
			};
			name = Debug;
		};
		B59797CB1A74354B00F7D280 /* Release */ = {
			isa = XCBuildConfiguration;
			baseConfigurationReference = B59797D21A7435D300F7D280 /* Release.xcconfig */;
			buildSettings = {
				INFOPLIST_FILE = ConfigDemo/Info.plist;
				LD_RUNPATH_SEARCH_PATHS = "$(inherited) @executable_path/Frameworks";
				PRODUCT_NAME = "$(TARGET_NAME)";
			};
			name = Release;
		};
/* End XCBuildConfiguration section */

/* Begin XCConfigurationList section */
		B59797A11A74354B00F7D280 /* Build configuration list for PBXProject "ConfigDemo" */ = {
			isa = XCConfigurationList;
			buildConfigurations = (
				B59797C71A74354B00F7D280 /* Debug */,
				B59797C81A74354B00F7D280 /* Release */,
			);
			defaultConfigurationIsVisible = 0;
			defaultConfigurationName = Release;
		};
		B59797C91A74354B00F7D280 /* Build configuration list for PBXNativeTarget "ConfigDemo" */ = {
			isa = XCConfigurationList;
			buildConfigurations = (
				B59797CA1A74354B00F7D280 /* Debug */,
				B59797CB1A74354B00F7D280 /* Release */,
			);
			defaultConfigurationIsVisible = 0;
			defaultConfigurationName = Release;
		};
/* End XCConfigurationList section */
	};
	rootObject = B597979E1A74354B00F7D280 /* Project object */;
}
