// !$*UTF8*$!
{
	archiveVersion = 1;
	classes = {
	};
	objectVersion = 46;
	objects = {

/* Begin PBXBuildFile section */
		B5BC1D001691F60B00B6B08D /* UIKit.framework in Frameworks */ = {isa = PBXBuildFile; fileRef = B5BC1CFF1691F60B00B6B08D /* UIKit.framework */; };
		B5BC1D021691F60B00B6B08D /* Foundation.framework in Frameworks */ = {isa = PBXBuildFile; fileRef = B5BC1D011691F60B00B6B08D /* Foundation.framework */; };
		B5BC1D041691F60B00B6B08D /* CoreGraphics.framework in Frameworks */ = {isa = PBXBuildFile; fileRef = B5BC1D031691F60B00B6B08D /* CoreGraphics.framework */; };
		B5BC1D0A1691F60B00B6B08D /* InfoPlist.strings in Resources */ = {isa = PBXBuildFile; fileRef = B5BC1D081691F60B00B6B08D /* InfoPlist.strings */; };
		B5BC1D0C1691F60B00B6B08D /* main.m in Sources */ = {isa = PBXBuildFile; fileRef = B5BC1D0B1691F60B00B6B08D /* main.m */; };
		B5BC1D101691F60B00B6B08D /* AppDelegate.m in Sources */ = {isa = PBXBuildFile; fileRef = B5BC1D0F1691F60B00B6B08D /* AppDelegate.m */; };
		B5BC1D121691F60B00B6B08D /* Default.png in Resources */ = {isa = PBXBuildFile; fileRef = B5BC1D111691F60B00B6B08D /* Default.png */; };
		B5BC1D141691F60B00B6B08D /* Default@2x.png in Resources */ = {isa = PBXBuildFile; fileRef = B5BC1D131691F60B00B6B08D /* Default@2x.png */; };
		B5BC1D161691F60B00B6B08D /* Default-568h@2x.png in Resources */ = {isa = PBXBuildFile; fileRef = B5BC1D151691F60B00B6B08D /* Default-568h@2x.png */; };
		B5BC1D191691F60B00B6B08D /* ViewController.m in Sources */ = {isa = PBXBuildFile; fileRef = B5BC1D181691F60B00B6B08D /* ViewController.m */; };
		B5BC1D1C1691F60B00B6B08D /* ViewController.xib in Resources */ = {isa = PBXBuildFile; fileRef = B5BC1D1A1691F60B00B6B08D /* ViewController.xib */; };
		B5BC1D251691F6CB00B6B08D /* appriver.jpg in Resources */ = {isa = PBXBuildFile; fileRef = B5BC1D221691F6CB00B6B08D /* appriver.jpg */; };
		B5BC1D261691F6CB00B6B08D /* moscone.jpg in Resources */ = {isa = PBXBuildFile; fileRef = B5BC1D231691F6CB00B6B08D /* moscone.jpg */; };
		B5BC1D271691F6CB00B6B08D /* golden_gate.jpg in Resources */ = {isa = PBXBuildFile; fileRef = B5BC1D241691F6CB00B6B08D /* golden_gate.jpg */; };
		B5BC1D29169202F300B6B08D /* QuartzCore.framework in Frameworks */ = {isa = PBXBuildFile; fileRef = B5BC1D28169202F300B6B08D /* QuartzCore.framework */; };
/* End PBXBuildFile section */

/* Begin PBXFileReference section */
		B5BC1CFB1691F60B00B6B08D /* PhotoTable.app */ = {isa = PBXFileReference; explicitFileType = wrapper.application; includeInIndex = 0; path = PhotoTable.app; sourceTree = BUILT_PRODUCTS_DIR; };
		B5BC1CFF1691F60B00B6B08D /* UIKit.framework */ = {isa = PBXFileReference; lastKnownFileType = wrapper.framework; name = UIKit.framework; path = System/Library/Frameworks/UIKit.framework; sourceTree = SDKROOT; };
		B5BC1D011691F60B00B6B08D /* Foundation.framework */ = {isa = PBXFileReference; lastKnownFileType = wrapper.framework; name = Foundation.framework; path = System/Library/Frameworks/Foundation.framework; sourceTree = SDKROOT; };
		B5BC1D031691F60B00B6B08D /* CoreGraphics.framework */ = {isa = PBXFileReference; lastKnownFileType = wrapper.framework; name = CoreGraphics.framework; path = System/Library/Frameworks/CoreGraphics.framework; sourceTree = SDKROOT; };
		B5BC1D071691F60B00B6B08D /* PhotoTable-Info.plist */ = {isa = PBXFileReference; lastKnownFileType = text.plist.xml; path = "PhotoTable-Info.plist"; sourceTree = "<group>"; };
		B5BC1D091691F60B00B6B08D /* en */ = {isa = PBXFileReference; lastKnownFileType = text.plist.strings; name = en; path = en.lproj/InfoPlist.strings; sourceTree = "<group>"; };
		B5BC1D0B1691F60B00B6B08D /* main.m */ = {isa = PBXFileReference; lastKnownFileType = sourcecode.c.objc; path = main.m; sourceTree = "<group>"; };
		B5BC1D0D1691F60B00B6B08D /* PhotoTable-Prefix.pch */ = {isa = PBXFileReference; lastKnownFileType = sourcecode.c.h; path = "PhotoTable-Prefix.pch"; sourceTree = "<group>"; };
		B5BC1D0E1691F60B00B6B08D /* AppDelegate.h */ = {isa = PBXFileReference; lastKnownFileType = sourcecode.c.h; path = AppDelegate.h; sourceTree = "<group>"; };
		B5BC1D0F1691F60B00B6B08D /* AppDelegate.m */ = {isa = PBXFileReference; lastKnownFileType = sourcecode.c.objc; path = AppDelegate.m; sourceTree = "<group>"; };
		B5BC1D111691F60B00B6B08D /* Default.png */ = {isa = PBXFileReference; lastKnownFileType = image.png; path = Default.png; sourceTree = "<group>"; };
		B5BC1D131691F60B00B6B08D /* Default@2x.png */ = {isa = PBXFileReference; lastKnownFileType = image.png; path = "Default@2x.png"; sourceTree = "<group>"; };
		B5BC1D151691F60B00B6B08D /* Default-568h@2x.png */ = {isa = PBXFileReference; lastKnownFileType = image.png; path = "Default-568h@2x.png"; sourceTree = "<group>"; };
		B5BC1D171691F60B00B6B08D /* ViewController.h */ = {isa = PBXFileReference; lastKnownFileType = sourcecode.c.h; path = ViewController.h; sourceTree = "<group>"; };
		B5BC1D181691F60B00B6B08D /* ViewController.m */ = {isa = PBXFileReference; lastKnownFileType = sourcecode.c.objc; path = ViewController.m; sourceTree = "<group>"; };
		B5BC1D1B1691F60B00B6B08D /* en */ = {isa = PBXFileReference; lastKnownFileType = file.xib; name = en; path = en.lproj/ViewController.xib; sourceTree = "<group>"; };
		B5BC1D221691F6CB00B6B08D /* appriver.jpg */ = {isa = PBXFileReference; lastKnownFileType = image.jpeg; path = appriver.jpg; sourceTree = "<group>"; };
		B5BC1D231691F6CB00B6B08D /* moscone.jpg */ = {isa = PBXFileReference; lastKnownFileType = image.jpeg; path = moscone.jpg; sourceTree = "<group>"; };
		B5BC1D241691F6CB00B6B08D /* golden_gate.jpg */ = {isa = PBXFileReference; lastKnownFileType = image.jpeg; path = golden_gate.jpg; sourceTree = "<group>"; };
		B5BC1D28169202F300B6B08D /* QuartzCore.framework */ = {isa = PBXFileReference; lastKnownFileType = wrapper.framework; name = QuartzCore.framework; path = System/Library/Frameworks/QuartzCore.framework; sourceTree = SDKROOT; };
/* End PBXFileReference section */

/* Begin PBXFrameworksBuildPhase section */
		B5BC1CF81691F60B00B6B08D /* Frameworks */ = {
			isa = PBXFrameworksBuildPhase;
			buildActionMask = 2147483647;
			files = (
				B5BC1D29169202F300B6B08D /* QuartzCore.framework in Frameworks */,
				B5BC1D001691F60B00B6B08D /* UIKit.framework in Frameworks */,
				B5BC1D021691F60B00B6B08D /* Foundation.framework in Frameworks */,
				B5BC1D041691F60B00B6B08D /* CoreGraphics.framework in Frameworks */,
			);
			runOnlyForDeploymentPostprocessing = 0;
		};
/* End PBXFrameworksBuildPhase section */

/* Begin PBXGroup section */
		B5BC1CF01691F60B00B6B08D = {
			isa = PBXGroup;
			children = (
				B5BC1D051691F60B00B6B08D /* PhotoTable */,
				B5BC1CFE1691F60B00B6B08D /* Frameworks */,
				B5BC1CFC1691F60B00B6B08D /* Products */,
			);
			sourceTree = "<group>";
		};
		B5BC1CFC1691F60B00B6B08D /* Products */ = {
			isa = PBXGroup;
			children = (
				B5BC1CFB1691F60B00B6B08D /* PhotoTable.app */,
			);
			name = Products;
			sourceTree = "<group>";
		};
		B5BC1CFE1691F60B00B6B08D /* Frameworks */ = {
			isa = PBXGroup;
			children = (
				B5BC1D28169202F300B6B08D /* QuartzCore.framework */,
				B5BC1CFF1691F60B00B6B08D /* UIKit.framework */,
				B5BC1D011691F60B00B6B08D /* Foundation.framework */,
				B5BC1D031691F60B00B6B08D /* CoreGraphics.framework */,
			);
			name = Frameworks;
			sourceTree = "<group>";
		};
		B5BC1D051691F60B00B6B08D /* PhotoTable */ = {
			isa = PBXGroup;
			children = (
				B5BC1D221691F6CB00B6B08D /* appriver.jpg */,
				B5BC1D231691F6CB00B6B08D /* moscone.jpg */,
				B5BC1D241691F6CB00B6B08D /* golden_gate.jpg */,
				B5BC1D0E1691F60B00B6B08D /* AppDelegate.h */,
				B5BC1D0F1691F60B00B6B08D /* AppDelegate.m */,
				B5BC1D171691F60B00B6B08D /* ViewController.h */,
				B5BC1D181691F60B00B6B08D /* ViewController.m */,
				B5BC1D1A1691F60B00B6B08D /* ViewController.xib */,
				B5BC1D061691F60B00B6B08D /* Supporting Files */,
			);
			path = PhotoTable;
			sourceTree = "<group>";
		};
		B5BC1D061691F60B00B6B08D /* Supporting Files */ = {
			isa = PBXGroup;
			children = (
				B5BC1D071691F60B00B6B08D /* PhotoTable-Info.plist */,
				B5BC1D081691F60B00B6B08D /* InfoPlist.strings */,
				B5BC1D0B1691F60B00B6B08D /* main.m */,
				B5BC1D0D1691F60B00B6B08D /* PhotoTable-Prefix.pch */,
				B5BC1D111691F60B00B6B08D /* Default.png */,
				B5BC1D131691F60B00B6B08D /* Default@2x.png */,
				B5BC1D151691F60B00B6B08D /* Default-568h@2x.png */,
			);
			name = "Supporting Files";
			sourceTree = "<group>";
		};
/* End PBXGroup section */

/* Begin PBXNativeTarget section */
		B5BC1CFA1691F60B00B6B08D /* PhotoTable */ = {
			isa = PBXNativeTarget;
			buildConfigurationList = B5BC1D1F1691F60B00B6B08D /* Build configuration list for PBXNativeTarget "PhotoTable" */;
			buildPhases = (
				B5BC1CF71691F60B00B6B08D /* Sources */,
				B5BC1CF81691F60B00B6B08D /* Frameworks */,
				B5BC1CF91691F60B00B6B08D /* Resources */,
			);
			buildRules = (
			);
			dependencies = (
			);
			name = PhotoTable;
			productName = PhotoTable;
			productReference = B5BC1CFB1691F60B00B6B08D /* PhotoTable.app */;
			productType = "com.apple.product-type.application";
		};
/* End PBXNativeTarget section */

/* Begin PBXProject section */
		B5BC1CF21691F60B00B6B08D /* Project object */ = {
			isa = PBXProject;
			attributes = {
				LastUpgradeCheck = 0450;
				ORGANIZATIONNAME = nsscreencast;
			};
			buildConfigurationList = B5BC1CF51691F60B00B6B08D /* Build configuration list for PBXProject "PhotoTable" */;
			compatibilityVersion = "Xcode 3.2";
			developmentRegion = English;
			hasScannedForEncodings = 0;
			knownRegions = (
				en,
			);
			mainGroup = B5BC1CF01691F60B00B6B08D;
			productRefGroup = B5BC1CFC1691F60B00B6B08D /* Products */;
			projectDirPath = "";
			projectRoot = "";
			targets = (
				B5BC1CFA1691F60B00B6B08D /* PhotoTable */,
			);
		};
/* End PBXProject section */

/* Begin PBXResourcesBuildPhase section */
		B5BC1CF91691F60B00B6B08D /* Resources */ = {
			isa = PBXResourcesBuildPhase;
			buildActionMask = 2147483647;
			files = (
				B5BC1D0A1691F60B00B6B08D /* InfoPlist.strings in Resources */,
				B5BC1D121691F60B00B6B08D /* Default.png in Resources */,
				B5BC1D141691F60B00B6B08D /* Default@2x.png in Resources */,
				B5BC1D161691F60B00B6B08D /* Default-568h@2x.png in Resources */,
				B5BC1D1C1691F60B00B6B08D /* ViewController.xib in Resources */,
				B5BC1D251691F6CB00B6B08D /* appriver.jpg in Resources */,
				B5BC1D261691F6CB00B6B08D /* moscone.jpg in Resources */,
				B5BC1D271691F6CB00B6B08D /* golden_gate.jpg in Resources */,
			);
			runOnlyForDeploymentPostprocessing = 0;
		};
/* End PBXResourcesBuildPhase section */

/* Begin PBXSourcesBuildPhase section */
		B5BC1CF71691F60B00B6B08D /* Sources */ = {
			isa = PBXSourcesBuildPhase;
			buildActionMask = 2147483647;
			files = (
				B5BC1D0C1691F60B00B6B08D /* main.m in Sources */,
				B5BC1D101691F60B00B6B08D /* AppDelegate.m in Sources */,
				B5BC1D191691F60B00B6B08D /* ViewController.m in Sources */,
			);
			runOnlyForDeploymentPostprocessing = 0;
		};
/* End PBXSourcesBuildPhase section */

/* Begin PBXVariantGroup section */
		B5BC1D081691F60B00B6B08D /* InfoPlist.strings */ = {
			isa = PBXVariantGroup;
			children = (
				B5BC1D091691F60B00B6B08D /* en */,
			);
			name = InfoPlist.strings;
			sourceTree = "<group>";
		};
		B5BC1D1A1691F60B00B6B08D /* ViewController.xib */ = {
			isa = PBXVariantGroup;
			children = (
				B5BC1D1B1691F60B00B6B08D /* en */,
			);
			name = ViewController.xib;
			sourceTree = "<group>";
		};
/* End PBXVariantGroup section */

/* Begin XCBuildConfiguration section */
		B5BC1D1D1691F60B00B6B08D /* Debug */ = {
			isa = XCBuildConfiguration;
			buildSettings = {
				ALWAYS_SEARCH_USER_PATHS = NO;
				CLANG_CXX_LANGUAGE_STANDARD = "gnu++0x";
				CLANG_CXX_LIBRARY = "libc++";
				CLANG_ENABLE_OBJC_ARC = YES;
				CLANG_WARN_EMPTY_BODY = YES;
				CLANG_WARN__DUPLICATE_METHOD_MATCH = YES;
				"CODE_SIGN_IDENTITY[sdk=iphoneos*]" = "iPhone Developer";
				COPY_PHASE_STRIP = NO;
				GCC_C_LANGUAGE_STANDARD = gnu99;
				GCC_DYNAMIC_NO_PIC = NO;
				GCC_OPTIMIZATION_LEVEL = 0;
				GCC_PREPROCESSOR_DEFINITIONS = (
					"DEBUG=1",
					"$(inherited)",
				);
				GCC_SYMBOLS_PRIVATE_EXTERN = NO;
				GCC_WARN_ABOUT_RETURN_TYPE = YES;
				GCC_WARN_UNINITIALIZED_AUTOS = YES;
				GCC_WARN_UNUSED_VARIABLE = YES;
				IPHONEOS_DEPLOYMENT_TARGET = 6.0;
				ONLY_ACTIVE_ARCH = YES;
				SDKROOT = iphoneos;
				TARGETED_DEVICE_FAMILY = 2;
			};
			name = Debug;
		};
		B5BC1D1E1691F60B00B6B08D /* Release */ = {
			isa = XCBuildConfiguration;
			buildSettings = {
				ALWAYS_SEARCH_USER_PATHS = NO;
				CLANG_CXX_LANGUAGE_STANDARD = "gnu++0x";
				CLANG_CXX_LIBRARY = "libc++";
				CLANG_ENABLE_OBJC_ARC = YES;
				CLANG_WARN_EMPTY_BODY = YES;
				CLANG_WARN__DUPLICATE_METHOD_MATCH = YES;
				"CODE_SIGN_IDENTITY[sdk=iphoneos*]" = "iPhone Developer";
				COPY_PHASE_STRIP = YES;
				GCC_C_LANGUAGE_STANDARD = gnu99;
				GCC_WARN_ABOUT_RETURN_TYPE = YES;
				GCC_WARN_UNINITIALIZED_AUTOS = YES;
				GCC_WARN_UNUSED_VARIABLE = YES;
				IPHONEOS_DEPLOYMENT_TARGET = 6.0;
				OTHER_CFLAGS = "-DNS_BLOCK_ASSERTIONS=1";
				SDKROOT = iphoneos;
				TARGETED_DEVICE_FAMILY = 2;
				VALIDATE_PRODUCT = YES;
			};
			name = Release;
		};
		B5BC1D201691F60B00B6B08D /* Debug */ = {
			isa = XCBuildConfiguration;
			buildSettings = {
				GCC_PRECOMPILE_PREFIX_HEADER = YES;
				GCC_PREFIX_HEADER = "PhotoTable/PhotoTable-Prefix.pch";
				INFOPLIST_FILE = "PhotoTable/PhotoTable-Info.plist";
				PRODUCT_NAME = "$(TARGET_NAME)";
				WRAPPER_EXTENSION = app;
			};
			name = Debug;
		};
		B5BC1D211691F60B00B6B08D /* Release */ = {
			isa = XCBuildConfiguration;
			buildSettings = {
				GCC_PRECOMPILE_PREFIX_HEADER = YES;
				GCC_PREFIX_HEADER = "PhotoTable/PhotoTable-Prefix.pch";
				INFOPLIST_FILE = "PhotoTable/PhotoTable-Info.plist";
				PRODUCT_NAME = "$(TARGET_NAME)";
				WRAPPER_EXTENSION = app;
			};
			name = Release;
		};
/* End XCBuildConfiguration section */

/* Begin XCConfigurationList section */
		B5BC1CF51691F60B00B6B08D /* Build configuration list for PBXProject "PhotoTable" */ = {
			isa = XCConfigurationList;
			buildConfigurations = (
				B5BC1D1D1691F60B00B6B08D /* Debug */,
				B5BC1D1E1691F60B00B6B08D /* Release */,
			);
			defaultConfigurationIsVisible = 0;
			defaultConfigurationName = Release;
		};
		B5BC1D1F1691F60B00B6B08D /* Build configuration list for PBXNativeTarget "PhotoTable" */ = {
			isa = XCConfigurationList;
			buildConfigurations = (
				B5BC1D201691F60B00B6B08D /* Debug */,
				B5BC1D211691F60B00B6B08D /* Release */,
			);
			defaultConfigurationIsVisible = 0;
		};
/* End XCConfigurationList section */
	};
	rootObject = B5BC1CF21691F60B00B6B08D /* Project object */;
}
