// !$*UTF8*$!
{
	archiveVersion = 1;
	classes = {
	};
	objectVersion = 46;
	objects = {

/* Begin PBXBuildFile section */
		8344E73A72C748A3AC4B00AC /* libPods.a in Frameworks */ = {isa = PBXBuildFile; fileRef = 9BAA33B696DA499E98EA43BC /* libPods.a */; };
		B536DCB11516BF4F003AA585 /* Beer.m in Sources */ = {isa = PBXBuildFile; fileRef = B536DCB01516BF4F003AA585 /* Beer.m */; };
		B58C4BC0151690BE007C4A79 /* UIKit.framework in Frameworks */ = {isa = PBXBuildFile; fileRef = B58C4BBF151690BE007C4A79 /* UIKit.framework */; };
		B58C4BC2151690BE007C4A79 /* Foundation.framework in Frameworks */ = {isa = PBXBuildFile; fileRef = B58C4BC1151690BE007C4A79 /* Foundation.framework */; };
		B58C4BC4151690BE007C4A79 /* CoreGraphics.framework in Frameworks */ = {isa = PBXBuildFile; fileRef = B58C4BC3151690BE007C4A79 /* CoreGraphics.framework */; };
		B58C4BCA151690BE007C4A79 /* InfoPlist.strings in Resources */ = {isa = PBXBuildFile; fileRef = B58C4BC8151690BE007C4A79 /* InfoPlist.strings */; };
		B58C4BCC151690BE007C4A79 /* main.m in Sources */ = {isa = PBXBuildFile; fileRef = B58C4BCB151690BE007C4A79 /* main.m */; };
		B58C4BD0151690BE007C4A79 /* AppDelegate.m in Sources */ = {isa = PBXBuildFile; fileRef = B58C4BCF151690BE007C4A79 /* AppDelegate.m */; };
		B58C4BD3151690BE007C4A79 /* ViewController.m in Sources */ = {isa = PBXBuildFile; fileRef = B58C4BD2151690BE007C4A79 /* ViewController.m */; };
/* End PBXBuildFile section */

/* Begin PBXFileReference section */
		7E035BB4300A4581A9CC9BED /* Pods.xcconfig */ = {isa = PBXFileReference; lastKnownFileType = text.xcconfig; name = Pods.xcconfig; path = Pods/Pods.xcconfig; sourceTree = SOURCE_ROOT; };
		9BAA33B696DA499E98EA43BC /* libPods.a */ = {isa = PBXFileReference; explicitFileType = archive.ar; includeInIndex = 0; path = libPods.a; sourceTree = BUILT_PRODUCTS_DIR; };
		B536DCAF1516BF4F003AA585 /* Beer.h */ = {isa = PBXFileReference; fileEncoding = 4; lastKnownFileType = sourcecode.c.h; path = Beer.h; sourceTree = "<group>"; };
		B536DCB01516BF4F003AA585 /* Beer.m */ = {isa = PBXFileReference; fileEncoding = 4; lastKnownFileType = sourcecode.c.objc; path = Beer.m; sourceTree = "<group>"; };
		B58C4BBB151690BE007C4A79 /* BeerScroller.app */ = {isa = PBXFileReference; explicitFileType = wrapper.application; includeInIndex = 0; path = BeerScroller.app; sourceTree = BUILT_PRODUCTS_DIR; };
		B58C4BBF151690BE007C4A79 /* UIKit.framework */ = {isa = PBXFileReference; lastKnownFileType = wrapper.framework; name = UIKit.framework; path = System/Library/Frameworks/UIKit.framework; sourceTree = SDKROOT; };
		B58C4BC1151690BE007C4A79 /* Foundation.framework */ = {isa = PBXFileReference; lastKnownFileType = wrapper.framework; name = Foundation.framework; path = System/Library/Frameworks/Foundation.framework; sourceTree = SDKROOT; };
		B58C4BC3151690BE007C4A79 /* CoreGraphics.framework */ = {isa = PBXFileReference; lastKnownFileType = wrapper.framework; name = CoreGraphics.framework; path = System/Library/Frameworks/CoreGraphics.framework; sourceTree = SDKROOT; };
		B58C4BC7151690BE007C4A79 /* BeerScroller-Info.plist */ = {isa = PBXFileReference; lastKnownFileType = text.plist.xml; path = "BeerScroller-Info.plist"; sourceTree = "<group>"; };
		B58C4BC9151690BE007C4A79 /* en */ = {isa = PBXFileReference; lastKnownFileType = text.plist.strings; name = en; path = en.lproj/InfoPlist.strings; sourceTree = "<group>"; };
		B58C4BCB151690BE007C4A79 /* main.m */ = {isa = PBXFileReference; lastKnownFileType = sourcecode.c.objc; path = main.m; sourceTree = "<group>"; };
		B58C4BCD151690BE007C4A79 /* BeerScroller-Prefix.pch */ = {isa = PBXFileReference; lastKnownFileType = sourcecode.c.h; path = "BeerScroller-Prefix.pch"; sourceTree = "<group>"; };
		B58C4BCE151690BE007C4A79 /* AppDelegate.h */ = {isa = PBXFileReference; lastKnownFileType = sourcecode.c.h; path = AppDelegate.h; sourceTree = "<group>"; };
		B58C4BCF151690BE007C4A79 /* AppDelegate.m */ = {isa = PBXFileReference; lastKnownFileType = sourcecode.c.objc; path = AppDelegate.m; sourceTree = "<group>"; };
		B58C4BD1151690BE007C4A79 /* ViewController.h */ = {isa = PBXFileReference; lastKnownFileType = sourcecode.c.h; path = ViewController.h; sourceTree = "<group>"; };
		B58C4BD2151690BE007C4A79 /* ViewController.m */ = {isa = PBXFileReference; lastKnownFileType = sourcecode.c.objc; path = ViewController.m; sourceTree = "<group>"; };
/* End PBXFileReference section */

/* Begin PBXFrameworksBuildPhase section */
		B58C4BB8151690BE007C4A79 /* Frameworks */ = {
			isa = PBXFrameworksBuildPhase;
			buildActionMask = 2147483647;
			files = (
				B58C4BC0151690BE007C4A79 /* UIKit.framework in Frameworks */,
				B58C4BC2151690BE007C4A79 /* Foundation.framework in Frameworks */,
				B58C4BC4151690BE007C4A79 /* CoreGraphics.framework in Frameworks */,
				8344E73A72C748A3AC4B00AC /* libPods.a in Frameworks */,
			);
			runOnlyForDeploymentPostprocessing = 0;
		};
/* End PBXFrameworksBuildPhase section */

/* Begin PBXGroup section */
		B58C4BB0151690BE007C4A79 = {
			isa = PBXGroup;
			children = (
				B58C4BC5151690BE007C4A79 /* BeerScroller */,
				B58C4BBE151690BE007C4A79 /* Frameworks */,
				B58C4BBC151690BE007C4A79 /* Products */,
				7E035BB4300A4581A9CC9BED /* Pods.xcconfig */,
			);
			sourceTree = "<group>";
		};
		B58C4BBC151690BE007C4A79 /* Products */ = {
			isa = PBXGroup;
			children = (
				B58C4BBB151690BE007C4A79 /* BeerScroller.app */,
			);
			name = Products;
			sourceTree = "<group>";
		};
		B58C4BBE151690BE007C4A79 /* Frameworks */ = {
			isa = PBXGroup;
			children = (
				B58C4BBF151690BE007C4A79 /* UIKit.framework */,
				B58C4BC1151690BE007C4A79 /* Foundation.framework */,
				B58C4BC3151690BE007C4A79 /* CoreGraphics.framework */,
				9BAA33B696DA499E98EA43BC /* libPods.a */,
			);
			name = Frameworks;
			sourceTree = "<group>";
		};
		B58C4BC5151690BE007C4A79 /* BeerScroller */ = {
			isa = PBXGroup;
			children = (
				B536DCAF1516BF4F003AA585 /* Beer.h */,
				B536DCB01516BF4F003AA585 /* Beer.m */,
				B58C4BCE151690BE007C4A79 /* AppDelegate.h */,
				B58C4BCF151690BE007C4A79 /* AppDelegate.m */,
				B58C4BD1151690BE007C4A79 /* ViewController.h */,
				B58C4BD2151690BE007C4A79 /* ViewController.m */,
				B58C4BC6151690BE007C4A79 /* Supporting Files */,
			);
			path = BeerScroller;
			sourceTree = "<group>";
		};
		B58C4BC6151690BE007C4A79 /* Supporting Files */ = {
			isa = PBXGroup;
			children = (
				B58C4BC7151690BE007C4A79 /* BeerScroller-Info.plist */,
				B58C4BC8151690BE007C4A79 /* InfoPlist.strings */,
				B58C4BCB151690BE007C4A79 /* main.m */,
				B58C4BCD151690BE007C4A79 /* BeerScroller-Prefix.pch */,
			);
			name = "Supporting Files";
			sourceTree = "<group>";
		};
/* End PBXGroup section */

/* Begin PBXNativeTarget section */
		B58C4BBA151690BE007C4A79 /* BeerScroller */ = {
			isa = PBXNativeTarget;
			buildConfigurationList = B58C4BD9151690BE007C4A79 /* Build configuration list for PBXNativeTarget "BeerScroller" */;
			buildPhases = (
				B58C4BB7151690BE007C4A79 /* Sources */,
				B58C4BB8151690BE007C4A79 /* Frameworks */,
				B58C4BB9151690BE007C4A79 /* Resources */,
				8B898B5DA1114DCCB2E34B1E /* Copy Pods Resources */,
			);
			buildRules = (
			);
			dependencies = (
			);
			name = BeerScroller;
			productName = BeerScroller;
			productReference = B58C4BBB151690BE007C4A79 /* BeerScroller.app */;
			productType = "com.apple.product-type.application";
		};
/* End PBXNativeTarget section */

/* Begin PBXProject section */
		B58C4BB2151690BE007C4A79 /* Project object */ = {
			isa = PBXProject;
			attributes = {
				LastUpgradeCheck = 0430;
			};
			buildConfigurationList = B58C4BB5151690BE007C4A79 /* Build configuration list for PBXProject "BeerScroller" */;
			compatibilityVersion = "Xcode 3.2";
			developmentRegion = English;
			hasScannedForEncodings = 0;
			knownRegions = (
				en,
			);
			mainGroup = B58C4BB0151690BE007C4A79;
			productRefGroup = B58C4BBC151690BE007C4A79 /* Products */;
			projectDirPath = "";
			projectRoot = "";
			targets = (
				B58C4BBA151690BE007C4A79 /* BeerScroller */,
			);
		};
/* End PBXProject section */

/* Begin PBXResourcesBuildPhase section */
		B58C4BB9151690BE007C4A79 /* Resources */ = {
			isa = PBXResourcesBuildPhase;
			buildActionMask = 2147483647;
			files = (
				B58C4BCA151690BE007C4A79 /* InfoPlist.strings in Resources */,
			);
			runOnlyForDeploymentPostprocessing = 0;
		};
/* End PBXResourcesBuildPhase section */

/* Begin PBXShellScriptBuildPhase section */
		8B898B5DA1114DCCB2E34B1E /* Copy Pods Resources */ = {
			isa = PBXShellScriptBuildPhase;
			buildActionMask = 2147483647;
			files = (
			);
			inputPaths = (
			);
			name = "Copy Pods Resources";
			outputPaths = (
			);
			runOnlyForDeploymentPostprocessing = 0;
			shellPath = /bin/sh;
			shellScript = "\"${SRCROOT}/Pods/Pods-resources.sh\"\n";
		};
/* End PBXShellScriptBuildPhase section */

/* Begin PBXSourcesBuildPhase section */
		B58C4BB7151690BE007C4A79 /* Sources */ = {
			isa = PBXSourcesBuildPhase;
			buildActionMask = 2147483647;
			files = (
				B58C4BCC151690BE007C4A79 /* main.m in Sources */,
				B58C4BD0151690BE007C4A79 /* AppDelegate.m in Sources */,
				B58C4BD3151690BE007C4A79 /* ViewController.m in Sources */,
				B536DCB11516BF4F003AA585 /* Beer.m in Sources */,
			);
			runOnlyForDeploymentPostprocessing = 0;
		};
/* End PBXSourcesBuildPhase section */

/* Begin PBXVariantGroup section */
		B58C4BC8151690BE007C4A79 /* InfoPlist.strings */ = {
			isa = PBXVariantGroup;
			children = (
				B58C4BC9151690BE007C4A79 /* en */,
			);
			name = InfoPlist.strings;
			sourceTree = "<group>";
		};
/* End PBXVariantGroup section */

/* Begin XCBuildConfiguration section */
		B58C4BD7151690BE007C4A79 /* Debug */ = {
			isa = XCBuildConfiguration;
			buildSettings = {
				ALWAYS_SEARCH_USER_PATHS = NO;
				ARCHS = "$(ARCHS_STANDARD_32_BIT)";
				CLANG_ENABLE_OBJC_ARC = YES;
				"CODE_SIGN_IDENTITY[sdk=iphoneos*]" = "iPhone Developer";
				COPY_PHASE_STRIP = NO;
				GCC_C_LANGUAGE_STANDARD = gnu99;
				GCC_DYNAMIC_NO_PIC = NO;
				GCC_OPTIMIZATION_LEVEL = 0;
				GCC_PREPROCESSOR_DEFINITIONS = (
					"DEBUG=1",
					"$(inherited)",
				);
				GCC_SYMBOLS_PRIVATE_EXTERN = NO;
				GCC_VERSION = com.apple.compilers.llvm.clang.1_0;
				GCC_WARN_ABOUT_RETURN_TYPE = YES;
				GCC_WARN_UNINITIALIZED_AUTOS = YES;
				GCC_WARN_UNUSED_VARIABLE = YES;
				IPHONEOS_DEPLOYMENT_TARGET = 5.1;
				SDKROOT = iphoneos;
			};
			name = Debug;
		};
		B58C4BD8151690BE007C4A79 /* Release */ = {
			isa = XCBuildConfiguration;
			buildSettings = {
				ALWAYS_SEARCH_USER_PATHS = NO;
				ARCHS = "$(ARCHS_STANDARD_32_BIT)";
				CLANG_ENABLE_OBJC_ARC = YES;
				"CODE_SIGN_IDENTITY[sdk=iphoneos*]" = "iPhone Developer";
				COPY_PHASE_STRIP = YES;
				GCC_C_LANGUAGE_STANDARD = gnu99;
				GCC_VERSION = com.apple.compilers.llvm.clang.1_0;
				GCC_WARN_ABOUT_RETURN_TYPE = YES;
				GCC_WARN_UNINITIALIZED_AUTOS = YES;
				GCC_WARN_UNUSED_VARIABLE = YES;
				IPHONEOS_DEPLOYMENT_TARGET = 5.1;
				OTHER_CFLAGS = "-DNS_BLOCK_ASSERTIONS=1";
				SDKROOT = iphoneos;
				VALIDATE_PRODUCT = YES;
			};
			name = Release;
		};
		B58C4BDA151690BE007C4A79 /* Debug */ = {
			isa = XCBuildConfiguration;
			baseConfigurationReference = 7E035BB4300A4581A9CC9BED /* Pods.xcconfig */;
			buildSettings = {
				DSTROOT = /tmp/xcodeproj.dst;
				GCC_PRECOMPILE_PREFIX_HEADER = YES;
				GCC_PREFIX_HEADER = "BeerScroller/BeerScroller-Prefix.pch";
				GCC_VERSION = com.apple.compilers.llvm.clang.1_0;
				INFOPLIST_FILE = "BeerScroller/BeerScroller-Info.plist";
				PRODUCT_NAME = "$(TARGET_NAME)";
				SKIP_INSTALL = YES;
				WRAPPER_EXTENSION = app;
			};
			name = Debug;
		};
		B58C4BDB151690BE007C4A79 /* Release */ = {
			isa = XCBuildConfiguration;
			baseConfigurationReference = 7E035BB4300A4581A9CC9BED /* Pods.xcconfig */;
			buildSettings = {
				DSTROOT = /tmp/xcodeproj.dst;
				GCC_PRECOMPILE_PREFIX_HEADER = YES;
				GCC_PREFIX_HEADER = "BeerScroller/BeerScroller-Prefix.pch";
				GCC_VERSION = com.apple.compilers.llvm.clang.1_0;
				INFOPLIST_FILE = "BeerScroller/BeerScroller-Info.plist";
				PRODUCT_NAME = "$(TARGET_NAME)";
				SKIP_INSTALL = YES;
				WRAPPER_EXTENSION = app;
			};
			name = Release;
		};
/* End XCBuildConfiguration section */

/* Begin XCConfigurationList section */
		B58C4BB5151690BE007C4A79 /* Build configuration list for PBXProject "BeerScroller" */ = {
			isa = XCConfigurationList;
			buildConfigurations = (
				B58C4BD7151690BE007C4A79 /* Debug */,
				B58C4BD8151690BE007C4A79 /* Release */,
			);
			defaultConfigurationIsVisible = 0;
			defaultConfigurationName = Release;
		};
		B58C4BD9151690BE007C4A79 /* Build configuration list for PBXNativeTarget "BeerScroller" */ = {
			isa = XCConfigurationList;
			buildConfigurations = (
				B58C4BDA151690BE007C4A79 /* Debug */,
				B58C4BDB151690BE007C4A79 /* Release */,
			);
			defaultConfigurationIsVisible = 0;
			defaultConfigurationName = Release;
		};
/* End XCConfigurationList section */
	};
	rootObject = B58C4BB2151690BE007C4A79 /* Project object */;
}
