// !$*UTF8*$!
{
	archiveVersion = 1;
	classes = {
	};
	objectVersion = 46;
	objects = {

/* Begin PBXBuildFile section */
		B58EA99A15575E7D00E799A8 /* UIKit.framework in Frameworks */ = {isa = PBXBuildFile; fileRef = B58EA99915575E7D00E799A8 /* UIKit.framework */; };
		B58EA99C15575E7D00E799A8 /* Foundation.framework in Frameworks */ = {isa = PBXBuildFile; fileRef = B58EA99B15575E7D00E799A8 /* Foundation.framework */; };
		B58EA99E15575E7D00E799A8 /* CoreGraphics.framework in Frameworks */ = {isa = PBXBuildFile; fileRef = B58EA99D15575E7D00E799A8 /* CoreGraphics.framework */; };
		B58EA9A415575E7D00E799A8 /* InfoPlist.strings in Resources */ = {isa = PBXBuildFile; fileRef = B58EA9A215575E7D00E799A8 /* InfoPlist.strings */; };
		B58EA9A615575E7D00E799A8 /* main.m in Sources */ = {isa = PBXBuildFile; fileRef = B58EA9A515575E7D00E799A8 /* main.m */; };
		B58EA9AA15575E7D00E799A8 /* AppDelegate.m in Sources */ = {isa = PBXBuildFile; fileRef = B58EA9A915575E7D00E799A8 /* AppDelegate.m */; };
		B58EA9AD15575E7D00E799A8 /* ViewController.m in Sources */ = {isa = PBXBuildFile; fileRef = B58EA9AC15575E7D00E799A8 /* ViewController.m */; };
		FB44383ADE8540EB9D2114D6 /* libPods.a in Frameworks */ = {isa = PBXBuildFile; fileRef = 13E7FE3989FD4372BB903D3C /* libPods.a */; };
/* End PBXBuildFile section */

/* Begin PBXFileReference section */
		13E7FE3989FD4372BB903D3C /* libPods.a */ = {isa = PBXFileReference; explicitFileType = archive.ar; includeInIndex = 0; path = libPods.a; sourceTree = BUILT_PRODUCTS_DIR; };
		9C2928DCC2F041E781B6C02D /* Pods.xcconfig */ = {isa = PBXFileReference; lastKnownFileType = text.xcconfig; name = Pods.xcconfig; path = Pods/Pods.xcconfig; sourceTree = SOURCE_ROOT; };
		B58EA99515575E7D00E799A8 /* CacheClient.app */ = {isa = PBXFileReference; explicitFileType = wrapper.application; includeInIndex = 0; path = CacheClient.app; sourceTree = BUILT_PRODUCTS_DIR; };
		B58EA99915575E7D00E799A8 /* UIKit.framework */ = {isa = PBXFileReference; lastKnownFileType = wrapper.framework; name = UIKit.framework; path = System/Library/Frameworks/UIKit.framework; sourceTree = SDKROOT; };
		B58EA99B15575E7D00E799A8 /* Foundation.framework */ = {isa = PBXFileReference; lastKnownFileType = wrapper.framework; name = Foundation.framework; path = System/Library/Frameworks/Foundation.framework; sourceTree = SDKROOT; };
		B58EA99D15575E7D00E799A8 /* CoreGraphics.framework */ = {isa = PBXFileReference; lastKnownFileType = wrapper.framework; name = CoreGraphics.framework; path = System/Library/Frameworks/CoreGraphics.framework; sourceTree = SDKROOT; };
		B58EA9A115575E7D00E799A8 /* CacheClient-Info.plist */ = {isa = PBXFileReference; lastKnownFileType = text.plist.xml; path = "CacheClient-Info.plist"; sourceTree = "<group>"; };
		B58EA9A315575E7D00E799A8 /* en */ = {isa = PBXFileReference; lastKnownFileType = text.plist.strings; name = en; path = en.lproj/InfoPlist.strings; sourceTree = "<group>"; };
		B58EA9A515575E7D00E799A8 /* main.m */ = {isa = PBXFileReference; lastKnownFileType = sourcecode.c.objc; path = main.m; sourceTree = "<group>"; };
		B58EA9A715575E7D00E799A8 /* CacheClient-Prefix.pch */ = {isa = PBXFileReference; lastKnownFileType = sourcecode.c.h; path = "CacheClient-Prefix.pch"; sourceTree = "<group>"; };
		B58EA9A815575E7D00E799A8 /* AppDelegate.h */ = {isa = PBXFileReference; lastKnownFileType = sourcecode.c.h; path = AppDelegate.h; sourceTree = "<group>"; };
		B58EA9A915575E7D00E799A8 /* AppDelegate.m */ = {isa = PBXFileReference; lastKnownFileType = sourcecode.c.objc; path = AppDelegate.m; sourceTree = "<group>"; };
		B58EA9AB15575E7D00E799A8 /* ViewController.h */ = {isa = PBXFileReference; lastKnownFileType = sourcecode.c.h; path = ViewController.h; sourceTree = "<group>"; };
		B58EA9AC15575E7D00E799A8 /* ViewController.m */ = {isa = PBXFileReference; lastKnownFileType = sourcecode.c.objc; path = ViewController.m; sourceTree = "<group>"; };
/* End PBXFileReference section */

/* Begin PBXFrameworksBuildPhase section */
		B58EA99215575E7D00E799A8 /* Frameworks */ = {
			isa = PBXFrameworksBuildPhase;
			buildActionMask = 2147483647;
			files = (
				B58EA99A15575E7D00E799A8 /* UIKit.framework in Frameworks */,
				B58EA99C15575E7D00E799A8 /* Foundation.framework in Frameworks */,
				B58EA99E15575E7D00E799A8 /* CoreGraphics.framework in Frameworks */,
				FB44383ADE8540EB9D2114D6 /* libPods.a in Frameworks */,
			);
			runOnlyForDeploymentPostprocessing = 0;
		};
/* End PBXFrameworksBuildPhase section */

/* Begin PBXGroup section */
		B58EA98A15575E7D00E799A8 = {
			isa = PBXGroup;
			children = (
				B58EA99F15575E7D00E799A8 /* CacheClient */,
				B58EA99815575E7D00E799A8 /* Frameworks */,
				B58EA99615575E7D00E799A8 /* Products */,
				9C2928DCC2F041E781B6C02D /* Pods.xcconfig */,
			);
			sourceTree = "<group>";
		};
		B58EA99615575E7D00E799A8 /* Products */ = {
			isa = PBXGroup;
			children = (
				B58EA99515575E7D00E799A8 /* CacheClient.app */,
			);
			name = Products;
			sourceTree = "<group>";
		};
		B58EA99815575E7D00E799A8 /* Frameworks */ = {
			isa = PBXGroup;
			children = (
				B58EA99915575E7D00E799A8 /* UIKit.framework */,
				B58EA99B15575E7D00E799A8 /* Foundation.framework */,
				B58EA99D15575E7D00E799A8 /* CoreGraphics.framework */,
				13E7FE3989FD4372BB903D3C /* libPods.a */,
			);
			name = Frameworks;
			sourceTree = "<group>";
		};
		B58EA99F15575E7D00E799A8 /* CacheClient */ = {
			isa = PBXGroup;
			children = (
				B58EA9A815575E7D00E799A8 /* AppDelegate.h */,
				B58EA9A915575E7D00E799A8 /* AppDelegate.m */,
				B58EA9AB15575E7D00E799A8 /* ViewController.h */,
				B58EA9AC15575E7D00E799A8 /* ViewController.m */,
				B58EA9A015575E7D00E799A8 /* Supporting Files */,
			);
			path = CacheClient;
			sourceTree = "<group>";
		};
		B58EA9A015575E7D00E799A8 /* Supporting Files */ = {
			isa = PBXGroup;
			children = (
				B58EA9A115575E7D00E799A8 /* CacheClient-Info.plist */,
				B58EA9A215575E7D00E799A8 /* InfoPlist.strings */,
				B58EA9A515575E7D00E799A8 /* main.m */,
				B58EA9A715575E7D00E799A8 /* CacheClient-Prefix.pch */,
			);
			name = "Supporting Files";
			sourceTree = "<group>";
		};
/* End PBXGroup section */

/* Begin PBXNativeTarget section */
		B58EA99415575E7D00E799A8 /* CacheClient */ = {
			isa = PBXNativeTarget;
			buildConfigurationList = B58EA9B315575E7D00E799A8 /* Build configuration list for PBXNativeTarget "CacheClient" */;
			buildPhases = (
				B58EA99115575E7D00E799A8 /* Sources */,
				B58EA99215575E7D00E799A8 /* Frameworks */,
				B58EA99315575E7D00E799A8 /* Resources */,
				A762B7E9AE6F4201913B1913 /* Copy Pods Resources */,
			);
			buildRules = (
			);
			dependencies = (
			);
			name = CacheClient;
			productName = CacheClient;
			productReference = B58EA99515575E7D00E799A8 /* CacheClient.app */;
			productType = "com.apple.product-type.application";
		};
/* End PBXNativeTarget section */

/* Begin PBXProject section */
		B58EA98C15575E7D00E799A8 /* Project object */ = {
			isa = PBXProject;
			attributes = {
				LastUpgradeCheck = 0430;
			};
			buildConfigurationList = B58EA98F15575E7D00E799A8 /* Build configuration list for PBXProject "CacheClient" */;
			compatibilityVersion = "Xcode 3.2";
			developmentRegion = English;
			hasScannedForEncodings = 0;
			knownRegions = (
				en,
			);
			mainGroup = B58EA98A15575E7D00E799A8;
			productRefGroup = B58EA99615575E7D00E799A8 /* Products */;
			projectDirPath = "";
			projectRoot = "";
			targets = (
				B58EA99415575E7D00E799A8 /* CacheClient */,
			);
		};
/* End PBXProject section */

/* Begin PBXResourcesBuildPhase section */
		B58EA99315575E7D00E799A8 /* Resources */ = {
			isa = PBXResourcesBuildPhase;
			buildActionMask = 2147483647;
			files = (
				B58EA9A415575E7D00E799A8 /* InfoPlist.strings in Resources */,
			);
			runOnlyForDeploymentPostprocessing = 0;
		};
/* End PBXResourcesBuildPhase section */

/* Begin PBXShellScriptBuildPhase section */
		A762B7E9AE6F4201913B1913 /* Copy Pods Resources */ = {
			isa = PBXShellScriptBuildPhase;
			buildActionMask = 2147483647;
			files = (
			);
			inputPaths = (
			);
			name = "Copy Pods Resources";
			outputPaths = (
			);
			runOnlyForDeploymentPostprocessing = 0;
			shellPath = /bin/sh;
			shellScript = "\"${SRCROOT}/Pods/Pods-resources.sh\"\n";
		};
/* End PBXShellScriptBuildPhase section */

/* Begin PBXSourcesBuildPhase section */
		B58EA99115575E7D00E799A8 /* Sources */ = {
			isa = PBXSourcesBuildPhase;
			buildActionMask = 2147483647;
			files = (
				B58EA9A615575E7D00E799A8 /* main.m in Sources */,
				B58EA9AA15575E7D00E799A8 /* AppDelegate.m in Sources */,
				B58EA9AD15575E7D00E799A8 /* ViewController.m in Sources */,
			);
			runOnlyForDeploymentPostprocessing = 0;
		};
/* End PBXSourcesBuildPhase section */

/* Begin PBXVariantGroup section */
		B58EA9A215575E7D00E799A8 /* InfoPlist.strings */ = {
			isa = PBXVariantGroup;
			children = (
				B58EA9A315575E7D00E799A8 /* en */,
			);
			name = InfoPlist.strings;
			sourceTree = "<group>";
		};
/* End PBXVariantGroup section */

/* Begin XCBuildConfiguration section */
		B58EA9B115575E7D00E799A8 /* Debug */ = {
			isa = XCBuildConfiguration;
			buildSettings = {
				ALWAYS_SEARCH_USER_PATHS = NO;
				ARCHS = "$(ARCHS_STANDARD_32_BIT)";
				CLANG_ENABLE_OBJC_ARC = YES;
				"CODE_SIGN_IDENTITY[sdk=iphoneos*]" = "iPhone Developer";
				COPY_PHASE_STRIP = NO;
				GCC_C_LANGUAGE_STANDARD = gnu99;
				GCC_DYNAMIC_NO_PIC = NO;
				GCC_OPTIMIZATION_LEVEL = 0;
				GCC_PREPROCESSOR_DEFINITIONS = (
					"DEBUG=1",
					"$(inherited)",
				);
				GCC_SYMBOLS_PRIVATE_EXTERN = NO;
				GCC_VERSION = com.apple.compilers.llvm.clang.1_0;
				GCC_WARN_ABOUT_RETURN_TYPE = YES;
				GCC_WARN_UNINITIALIZED_AUTOS = YES;
				GCC_WARN_UNUSED_VARIABLE = YES;
				IPHONEOS_DEPLOYMENT_TARGET = 5.1;
				SDKROOT = iphoneos;
			};
			name = Debug;
		};
		B58EA9B215575E7D00E799A8 /* Release */ = {
			isa = XCBuildConfiguration;
			buildSettings = {
				ALWAYS_SEARCH_USER_PATHS = NO;
				ARCHS = "$(ARCHS_STANDARD_32_BIT)";
				CLANG_ENABLE_OBJC_ARC = YES;
				"CODE_SIGN_IDENTITY[sdk=iphoneos*]" = "iPhone Developer";
				COPY_PHASE_STRIP = YES;
				GCC_C_LANGUAGE_STANDARD = gnu99;
				GCC_VERSION = com.apple.compilers.llvm.clang.1_0;
				GCC_WARN_ABOUT_RETURN_TYPE = YES;
				GCC_WARN_UNINITIALIZED_AUTOS = YES;
				GCC_WARN_UNUSED_VARIABLE = YES;
				IPHONEOS_DEPLOYMENT_TARGET = 5.1;
				OTHER_CFLAGS = "-DNS_BLOCK_ASSERTIONS=1";
				SDKROOT = iphoneos;
				VALIDATE_PRODUCT = YES;
			};
			name = Release;
		};
		B58EA9B415575E7D00E799A8 /* Debug */ = {
			isa = XCBuildConfiguration;
			baseConfigurationReference = 9C2928DCC2F041E781B6C02D /* Pods.xcconfig */;
			buildSettings = {
				DSTROOT = /tmp/xcodeproj.dst;
				GCC_PRECOMPILE_PREFIX_HEADER = YES;
				GCC_PREFIX_HEADER = "CacheClient/CacheClient-Prefix.pch";
				GCC_VERSION = com.apple.compilers.llvm.clang.1_0;
				INFOPLIST_FILE = "CacheClient/CacheClient-Info.plist";
				PRODUCT_NAME = "$(TARGET_NAME)";
				SKIP_INSTALL = YES;
				WRAPPER_EXTENSION = app;
			};
			name = Debug;
		};
		B58EA9B515575E7D00E799A8 /* Release */ = {
			isa = XCBuildConfiguration;
			baseConfigurationReference = 9C2928DCC2F041E781B6C02D /* Pods.xcconfig */;
			buildSettings = {
				DSTROOT = /tmp/xcodeproj.dst;
				GCC_PRECOMPILE_PREFIX_HEADER = YES;
				GCC_PREFIX_HEADER = "CacheClient/CacheClient-Prefix.pch";
				GCC_VERSION = com.apple.compilers.llvm.clang.1_0;
				INFOPLIST_FILE = "CacheClient/CacheClient-Info.plist";
				PRODUCT_NAME = "$(TARGET_NAME)";
				SKIP_INSTALL = YES;
				WRAPPER_EXTENSION = app;
			};
			name = Release;
		};
/* End XCBuildConfiguration section */

/* Begin XCConfigurationList section */
		B58EA98F15575E7D00E799A8 /* Build configuration list for PBXProject "CacheClient" */ = {
			isa = XCConfigurationList;
			buildConfigurations = (
				B58EA9B115575E7D00E799A8 /* Debug */,
				B58EA9B215575E7D00E799A8 /* Release */,
			);
			defaultConfigurationIsVisible = 0;
			defaultConfigurationName = Release;
		};
		B58EA9B315575E7D00E799A8 /* Build configuration list for PBXNativeTarget "CacheClient" */ = {
			isa = XCConfigurationList;
			buildConfigurations = (
				B58EA9B415575E7D00E799A8 /* Debug */,
				B58EA9B515575E7D00E799A8 /* Release */,
			);
			defaultConfigurationIsVisible = 0;
			defaultConfigurationName = Release;
		};
/* End XCConfigurationList section */
	};
	rootObject = B58EA98C15575E7D00E799A8 /* Project object */;
}
