// !$*UTF8*$!
{
	archiveVersion = 1;
	classes = {
	};
	objectVersion = 46;
	objects = {

/* Begin PBXBuildFile section */
		B5782EBF1B0B7FB600A6BA45 /* AppDelegate.swift in Sources */ = {isa = PBXBuildFile; fileRef = B5782EBE1B0B7FB600A6BA45 /* AppDelegate.swift */; };
		B5782EC11B0B7FB600A6BA45 /* ViewController.swift in Sources */ = {isa = PBXBuildFile; fileRef = B5782EC01B0B7FB600A6BA45 /* ViewController.swift */; };
		B5782EC41B0B7FB600A6BA45 /* Main.storyboard in Resources */ = {isa = PBXBuildFile; fileRef = B5782EC21B0B7FB600A6BA45 /* Main.storyboard */; };
		B5782EC61B0B7FB600A6BA45 /* Images.xcassets in Resources */ = {isa = PBXBuildFile; fileRef = B5782EC51B0B7FB600A6BA45 /* Images.xcassets */; };
		B5782EC91B0B7FB600A6BA45 /* LaunchScreen.xib in Resources */ = {isa = PBXBuildFile; fileRef = B5782EC71B0B7FB600A6BA45 /* LaunchScreen.xib */; };
		B5782EE01B0B80AF00A6BA45 /* NinjaSpec.swift in Sources */ = {isa = PBXBuildFile; fileRef = B5782EDF1B0B80AF00A6BA45 /* NinjaSpec.swift */; };
		B5782EE21B0B810600A6BA45 /* Ninja.swift in Sources */ = {isa = PBXBuildFile; fileRef = B5782EE11B0B810600A6BA45 /* Ninja.swift */; };
		C119153C3453EBACCB0E7E35 /* Pods_NinjaGameTests.framework in Frameworks */ = {isa = PBXBuildFile; fileRef = 3D9A24CDB348D81A4FAC547E /* Pods_NinjaGameTests.framework */; settings = {ATTRIBUTES = (Weak, ); }; };
/* End PBXBuildFile section */

/* Begin PBXContainerItemProxy section */
		B5782ECF1B0B7FB600A6BA45 /* PBXContainerItemProxy */ = {
			isa = PBXContainerItemProxy;
			containerPortal = B5782EB11B0B7FB600A6BA45 /* Project object */;
			proxyType = 1;
			remoteGlobalIDString = B5782EB81B0B7FB600A6BA45;
			remoteInfo = NinjaGame;
		};
/* End PBXContainerItemProxy section */

/* Begin PBXFileReference section */
		3D9A24CDB348D81A4FAC547E /* Pods_NinjaGameTests.framework */ = {isa = PBXFileReference; explicitFileType = wrapper.framework; includeInIndex = 0; path = Pods_NinjaGameTests.framework; sourceTree = BUILT_PRODUCTS_DIR; };
		5B56C51A64D00D83BE8D83AA /* Pods-NinjaGameTests.release.xcconfig */ = {isa = PBXFileReference; includeInIndex = 1; lastKnownFileType = text.xcconfig; name = "Pods-NinjaGameTests.release.xcconfig"; path = "Pods/Target Support Files/Pods-NinjaGameTests/Pods-NinjaGameTests.release.xcconfig"; sourceTree = "<group>"; };
		70596BAC8FADC883E7DBB20E /* Pods-NinjaGameTests.debug.xcconfig */ = {isa = PBXFileReference; includeInIndex = 1; lastKnownFileType = text.xcconfig; name = "Pods-NinjaGameTests.debug.xcconfig"; path = "Pods/Target Support Files/Pods-NinjaGameTests/Pods-NinjaGameTests.debug.xcconfig"; sourceTree = "<group>"; };
		B5782EB91B0B7FB600A6BA45 /* NinjaGame.app */ = {isa = PBXFileReference; explicitFileType = wrapper.application; includeInIndex = 0; path = NinjaGame.app; sourceTree = BUILT_PRODUCTS_DIR; };
		B5782EBD1B0B7FB600A6BA45 /* Info.plist */ = {isa = PBXFileReference; lastKnownFileType = text.plist.xml; path = Info.plist; sourceTree = "<group>"; };
		B5782EBE1B0B7FB600A6BA45 /* AppDelegate.swift */ = {isa = PBXFileReference; lastKnownFileType = sourcecode.swift; path = AppDelegate.swift; sourceTree = "<group>"; };
		B5782EC01B0B7FB600A6BA45 /* ViewController.swift */ = {isa = PBXFileReference; lastKnownFileType = sourcecode.swift; path = ViewController.swift; sourceTree = "<group>"; };
		B5782EC31B0B7FB600A6BA45 /* Base */ = {isa = PBXFileReference; lastKnownFileType = file.storyboard; name = Base; path = Base.lproj/Main.storyboard; sourceTree = "<group>"; };
		B5782EC51B0B7FB600A6BA45 /* Images.xcassets */ = {isa = PBXFileReference; lastKnownFileType = folder.assetcatalog; path = Images.xcassets; sourceTree = "<group>"; };
		B5782EC81B0B7FB600A6BA45 /* Base */ = {isa = PBXFileReference; lastKnownFileType = file.xib; name = Base; path = Base.lproj/LaunchScreen.xib; sourceTree = "<group>"; };
		B5782ECE1B0B7FB600A6BA45 /* NinjaGameTests.xctest */ = {isa = PBXFileReference; explicitFileType = wrapper.cfbundle; includeInIndex = 0; path = NinjaGameTests.xctest; sourceTree = BUILT_PRODUCTS_DIR; };
		B5782ED31B0B7FB600A6BA45 /* Info.plist */ = {isa = PBXFileReference; lastKnownFileType = text.plist.xml; path = Info.plist; sourceTree = "<group>"; };
		B5782EDE1B0B80AE00A6BA45 /* NinjaGameTests-Bridging-Header.h */ = {isa = PBXFileReference; lastKnownFileType = sourcecode.c.h; path = "NinjaGameTests-Bridging-Header.h"; sourceTree = "<group>"; };
		B5782EDF1B0B80AF00A6BA45 /* NinjaSpec.swift */ = {isa = PBXFileReference; fileEncoding = 4; lastKnownFileType = sourcecode.swift; path = NinjaSpec.swift; sourceTree = "<group>"; };
		B5782EE11B0B810600A6BA45 /* Ninja.swift */ = {isa = PBXFileReference; fileEncoding = 4; lastKnownFileType = sourcecode.swift; path = Ninja.swift; sourceTree = "<group>"; };
/* End PBXFileReference section */

/* Begin PBXFrameworksBuildPhase section */
		B5782EB61B0B7FB600A6BA45 /* Frameworks */ = {
			isa = PBXFrameworksBuildPhase;
			buildActionMask = 2147483647;
			files = (
			);
			runOnlyForDeploymentPostprocessing = 0;
		};
		B5782ECB1B0B7FB600A6BA45 /* Frameworks */ = {
			isa = PBXFrameworksBuildPhase;
			buildActionMask = 2147483647;
			files = (
				C119153C3453EBACCB0E7E35 /* Pods_NinjaGameTests.framework in Frameworks */,
			);
			runOnlyForDeploymentPostprocessing = 0;
		};
/* End PBXFrameworksBuildPhase section */

/* Begin PBXGroup section */
		0B0C525B91C59F10523F42DC /* Frameworks */ = {
			isa = PBXGroup;
			children = (
				3D9A24CDB348D81A4FAC547E /* Pods_NinjaGameTests.framework */,
			);
			name = Frameworks;
			sourceTree = "<group>";
		};
		B5782EB01B0B7FB600A6BA45 = {
			isa = PBXGroup;
			children = (
				B5782EBB1B0B7FB600A6BA45 /* NinjaGame */,
				B5782ED11B0B7FB600A6BA45 /* NinjaGameTests */,
				B5782EBA1B0B7FB600A6BA45 /* Products */,
				FF89549B6CBE37F7AEFD5BC6 /* Pods */,
				0B0C525B91C59F10523F42DC /* Frameworks */,
			);
			sourceTree = "<group>";
		};
		B5782EBA1B0B7FB600A6BA45 /* Products */ = {
			isa = PBXGroup;
			children = (
				B5782EB91B0B7FB600A6BA45 /* NinjaGame.app */,
				B5782ECE1B0B7FB600A6BA45 /* NinjaGameTests.xctest */,
			);
			name = Products;
			sourceTree = "<group>";
		};
		B5782EBB1B0B7FB600A6BA45 /* NinjaGame */ = {
			isa = PBXGroup;
			children = (
				B5782EBE1B0B7FB600A6BA45 /* AppDelegate.swift */,
				B5782EC01B0B7FB600A6BA45 /* ViewController.swift */,
				B5782EC21B0B7FB600A6BA45 /* Main.storyboard */,
				B5782EC51B0B7FB600A6BA45 /* Images.xcassets */,
				B5782EC71B0B7FB600A6BA45 /* LaunchScreen.xib */,
				B5782EBC1B0B7FB600A6BA45 /* Supporting Files */,
				B5782EE11B0B810600A6BA45 /* Ninja.swift */,
			);
			path = NinjaGame;
			sourceTree = "<group>";
		};
		B5782EBC1B0B7FB600A6BA45 /* Supporting Files */ = {
			isa = PBXGroup;
			children = (
				B5782EBD1B0B7FB600A6BA45 /* Info.plist */,
			);
			name = "Supporting Files";
			sourceTree = "<group>";
		};
		B5782ED11B0B7FB600A6BA45 /* NinjaGameTests */ = {
			isa = PBXGroup;
			children = (
				B5782ED21B0B7FB600A6BA45 /* Supporting Files */,
				B5782EDF1B0B80AF00A6BA45 /* NinjaSpec.swift */,
				B5782EDE1B0B80AE00A6BA45 /* NinjaGameTests-Bridging-Header.h */,
			);
			path = NinjaGameTests;
			sourceTree = "<group>";
		};
		B5782ED21B0B7FB600A6BA45 /* Supporting Files */ = {
			isa = PBXGroup;
			children = (
				B5782ED31B0B7FB600A6BA45 /* Info.plist */,
			);
			name = "Supporting Files";
			sourceTree = "<group>";
		};
		FF89549B6CBE37F7AEFD5BC6 /* Pods */ = {
			isa = PBXGroup;
			children = (
				70596BAC8FADC883E7DBB20E /* Pods-NinjaGameTests.debug.xcconfig */,
				5B56C51A64D00D83BE8D83AA /* Pods-NinjaGameTests.release.xcconfig */,
			);
			name = Pods;
			sourceTree = "<group>";
		};
/* End PBXGroup section */

/* Begin PBXNativeTarget section */
		B5782EB81B0B7FB600A6BA45 /* NinjaGame */ = {
			isa = PBXNativeTarget;
			buildConfigurationList = B5782ED81B0B7FB600A6BA45 /* Build configuration list for PBXNativeTarget "NinjaGame" */;
			buildPhases = (
				B5782EB51B0B7FB600A6BA45 /* Sources */,
				B5782EB61B0B7FB600A6BA45 /* Frameworks */,
				B5782EB71B0B7FB600A6BA45 /* Resources */,
			);
			buildRules = (
			);
			dependencies = (
			);
			name = NinjaGame;
			productName = NinjaGame;
			productReference = B5782EB91B0B7FB600A6BA45 /* NinjaGame.app */;
			productType = "com.apple.product-type.application";
		};
		B5782ECD1B0B7FB600A6BA45 /* NinjaGameTests */ = {
			isa = PBXNativeTarget;
			buildConfigurationList = B5782EDB1B0B7FB600A6BA45 /* Build configuration list for PBXNativeTarget "NinjaGameTests" */;
			buildPhases = (
				A49121E4194CF73040E8E37E /* Check Pods Manifest.lock */,
				B5782ECA1B0B7FB600A6BA45 /* Sources */,
				B5782ECB1B0B7FB600A6BA45 /* Frameworks */,
				B5782ECC1B0B7FB600A6BA45 /* Resources */,
				07D491B1882742DE3B75C063 /* Embed Pods Frameworks */,
				5C2BB0C7E478F9B1666F3E4F /* Copy Pods Resources */,
			);
			buildRules = (
			);
			dependencies = (
				B5782ED01B0B7FB600A6BA45 /* PBXTargetDependency */,
			);
			name = NinjaGameTests;
			productName = NinjaGameTests;
			productReference = B5782ECE1B0B7FB600A6BA45 /* NinjaGameTests.xctest */;
			productType = "com.apple.product-type.bundle.unit-test";
		};
/* End PBXNativeTarget section */

/* Begin PBXProject section */
		B5782EB11B0B7FB600A6BA45 /* Project object */ = {
			isa = PBXProject;
			attributes = {
				LastUpgradeCheck = 0630;
				ORGANIZATIONNAME = NSScreencast;
				TargetAttributes = {
					B5782EB81B0B7FB600A6BA45 = {
						CreatedOnToolsVersion = 6.3.2;
					};
					B5782ECD1B0B7FB600A6BA45 = {
						CreatedOnToolsVersion = 6.3.2;
						TestTargetID = B5782EB81B0B7FB600A6BA45;
					};
				};
			};
			buildConfigurationList = B5782EB41B0B7FB600A6BA45 /* Build configuration list for PBXProject "NinjaGame" */;
			compatibilityVersion = "Xcode 3.2";
			developmentRegion = English;
			hasScannedForEncodings = 0;
			knownRegions = (
				en,
				Base,
			);
			mainGroup = B5782EB01B0B7FB600A6BA45;
			productRefGroup = B5782EBA1B0B7FB600A6BA45 /* Products */;
			projectDirPath = "";
			projectRoot = "";
			targets = (
				B5782EB81B0B7FB600A6BA45 /* NinjaGame */,
				B5782ECD1B0B7FB600A6BA45 /* NinjaGameTests */,
			);
		};
/* End PBXProject section */

/* Begin PBXResourcesBuildPhase section */
		B5782EB71B0B7FB600A6BA45 /* Resources */ = {
			isa = PBXResourcesBuildPhase;
			buildActionMask = 2147483647;
			files = (
				B5782EC41B0B7FB600A6BA45 /* Main.storyboard in Resources */,
				B5782EC91B0B7FB600A6BA45 /* LaunchScreen.xib in Resources */,
				B5782EC61B0B7FB600A6BA45 /* Images.xcassets in Resources */,
			);
			runOnlyForDeploymentPostprocessing = 0;
		};
		B5782ECC1B0B7FB600A6BA45 /* Resources */ = {
			isa = PBXResourcesBuildPhase;
			buildActionMask = 2147483647;
			files = (
			);
			runOnlyForDeploymentPostprocessing = 0;
		};
/* End PBXResourcesBuildPhase section */

/* Begin PBXShellScriptBuildPhase section */
		07D491B1882742DE3B75C063 /* Embed Pods Frameworks */ = {
			isa = PBXShellScriptBuildPhase;
			buildActionMask = 2147483647;
			files = (
			);
			inputPaths = (
			);
			name = "Embed Pods Frameworks";
			outputPaths = (
			);
			runOnlyForDeploymentPostprocessing = 0;
			shellPath = /bin/sh;
			shellScript = "\"${SRCROOT}/Pods/Target Support Files/Pods-NinjaGameTests/Pods-NinjaGameTests-frameworks.sh\"\n";
			showEnvVarsInLog = 0;
		};
		5C2BB0C7E478F9B1666F3E4F /* Copy Pods Resources */ = {
			isa = PBXShellScriptBuildPhase;
			buildActionMask = 2147483647;
			files = (
			);
			inputPaths = (
			);
			name = "Copy Pods Resources";
			outputPaths = (
			);
			runOnlyForDeploymentPostprocessing = 0;
			shellPath = /bin/sh;
			shellScript = "\"${SRCROOT}/Pods/Target Support Files/Pods-NinjaGameTests/Pods-NinjaGameTests-resources.sh\"\n";
			showEnvVarsInLog = 0;
		};
		A49121E4194CF73040E8E37E /* Check Pods Manifest.lock */ = {
			isa = PBXShellScriptBuildPhase;
			buildActionMask = 2147483647;
			files = (
			);
			inputPaths = (
			);
			name = "Check Pods Manifest.lock";
			outputPaths = (
			);
			runOnlyForDeploymentPostprocessing = 0;
			shellPath = /bin/sh;
			shellScript = "diff \"${PODS_ROOT}/../Podfile.lock\" \"${PODS_ROOT}/Manifest.lock\" > /dev/null\nif [[ $? != 0 ]] ; then\n    cat << EOM\nerror: The sandbox is not in sync with the Podfile.lock. Run 'pod install' or update your CocoaPods installation.\nEOM\n    exit 1\nfi\n";
			showEnvVarsInLog = 0;
		};
/* End PBXShellScriptBuildPhase section */

/* Begin PBXSourcesBuildPhase section */
		B5782EB51B0B7FB600A6BA45 /* Sources */ = {
			isa = PBXSourcesBuildPhase;
			buildActionMask = 2147483647;
			files = (
				B5782EE21B0B810600A6BA45 /* Ninja.swift in Sources */,
				B5782EC11B0B7FB600A6BA45 /* ViewController.swift in Sources */,
				B5782EBF1B0B7FB600A6BA45 /* AppDelegate.swift in Sources */,
			);
			runOnlyForDeploymentPostprocessing = 0;
		};
		B5782ECA1B0B7FB600A6BA45 /* Sources */ = {
			isa = PBXSourcesBuildPhase;
			buildActionMask = 2147483647;
			files = (
				B5782EE01B0B80AF00A6BA45 /* NinjaSpec.swift in Sources */,
			);
			runOnlyForDeploymentPostprocessing = 0;
		};
/* End PBXSourcesBuildPhase section */

/* Begin PBXTargetDependency section */
		B5782ED01B0B7FB600A6BA45 /* PBXTargetDependency */ = {
			isa = PBXTargetDependency;
			target = B5782EB81B0B7FB600A6BA45 /* NinjaGame */;
			targetProxy = B5782ECF1B0B7FB600A6BA45 /* PBXContainerItemProxy */;
		};
/* End PBXTargetDependency section */

/* Begin PBXVariantGroup section */
		B5782EC21B0B7FB600A6BA45 /* Main.storyboard */ = {
			isa = PBXVariantGroup;
			children = (
				B5782EC31B0B7FB600A6BA45 /* Base */,
			);
			name = Main.storyboard;
			sourceTree = "<group>";
		};
		B5782EC71B0B7FB600A6BA45 /* LaunchScreen.xib */ = {
			isa = PBXVariantGroup;
			children = (
				B5782EC81B0B7FB600A6BA45 /* Base */,
			);
			name = LaunchScreen.xib;
			sourceTree = "<group>";
		};
/* End PBXVariantGroup section */

/* Begin XCBuildConfiguration section */
		B5782ED61B0B7FB600A6BA45 /* Debug */ = {
			isa = XCBuildConfiguration;
			buildSettings = {
				ALWAYS_SEARCH_USER_PATHS = NO;
				CLANG_CXX_LANGUAGE_STANDARD = "gnu++0x";
				CLANG_CXX_LIBRARY = "libc++";
				CLANG_ENABLE_MODULES = YES;
				CLANG_ENABLE_OBJC_ARC = YES;
				CLANG_WARN_BOOL_CONVERSION = YES;
				CLANG_WARN_CONSTANT_CONVERSION = YES;
				CLANG_WARN_DIRECT_OBJC_ISA_USAGE = YES_ERROR;
				CLANG_WARN_EMPTY_BODY = YES;
				CLANG_WARN_ENUM_CONVERSION = YES;
				CLANG_WARN_INT_CONVERSION = YES;
				CLANG_WARN_OBJC_ROOT_CLASS = YES_ERROR;
				CLANG_WARN_UNREACHABLE_CODE = YES;
				CLANG_WARN__DUPLICATE_METHOD_MATCH = YES;
				"CODE_SIGN_IDENTITY[sdk=iphoneos*]" = "iPhone Developer";
				COPY_PHASE_STRIP = NO;
				DEBUG_INFORMATION_FORMAT = "dwarf-with-dsym";
				ENABLE_STRICT_OBJC_MSGSEND = YES;
				GCC_C_LANGUAGE_STANDARD = gnu99;
				GCC_DYNAMIC_NO_PIC = NO;
				GCC_NO_COMMON_BLOCKS = YES;
				GCC_OPTIMIZATION_LEVEL = 0;
				GCC_PREPROCESSOR_DEFINITIONS = (
					"DEBUG=1",
					"$(inherited)",
				);
				GCC_SYMBOLS_PRIVATE_EXTERN = NO;
				GCC_WARN_64_TO_32_BIT_CONVERSION = YES;
				GCC_WARN_ABOUT_RETURN_TYPE = YES_ERROR;
				GCC_WARN_UNDECLARED_SELECTOR = YES;
				GCC_WARN_UNINITIALIZED_AUTOS = YES_AGGRESSIVE;
				GCC_WARN_UNUSED_FUNCTION = YES;
				GCC_WARN_UNUSED_VARIABLE = YES;
				IPHONEOS_DEPLOYMENT_TARGET = 8.3;
				MTL_ENABLE_DEBUG_INFO = YES;
				ONLY_ACTIVE_ARCH = YES;
				SDKROOT = iphoneos;
				SWIFT_OPTIMIZATION_LEVEL = "-Onone";
			};
			name = Debug;
		};
		B5782ED71B0B7FB600A6BA45 /* Release */ = {
			isa = XCBuildConfiguration;
			buildSettings = {
				ALWAYS_SEARCH_USER_PATHS = NO;
				CLANG_CXX_LANGUAGE_STANDARD = "gnu++0x";
				CLANG_CXX_LIBRARY = "libc++";
				CLANG_ENABLE_MODULES = YES;
				CLANG_ENABLE_OBJC_ARC = YES;
				CLANG_WARN_BOOL_CONVERSION = YES;
				CLANG_WARN_CONSTANT_CONVERSION = YES;
				CLANG_WARN_DIRECT_OBJC_ISA_USAGE = YES_ERROR;
				CLANG_WARN_EMPTY_BODY = YES;
				CLANG_WARN_ENUM_CONVERSION = YES;
				CLANG_WARN_INT_CONVERSION = YES;
				CLANG_WARN_OBJC_ROOT_CLASS = YES_ERROR;
				CLANG_WARN_UNREACHABLE_CODE = YES;
				CLANG_WARN__DUPLICATE_METHOD_MATCH = YES;
				"CODE_SIGN_IDENTITY[sdk=iphoneos*]" = "iPhone Developer";
				COPY_PHASE_STRIP = NO;
				DEBUG_INFORMATION_FORMAT = "dwarf-with-dsym";
				ENABLE_NS_ASSERTIONS = NO;
				ENABLE_STRICT_OBJC_MSGSEND = YES;
				GCC_C_LANGUAGE_STANDARD = gnu99;
				GCC_NO_COMMON_BLOCKS = YES;
				GCC_WARN_64_TO_32_BIT_CONVERSION = YES;
				GCC_WARN_ABOUT_RETURN_TYPE = YES_ERROR;
				GCC_WARN_UNDECLARED_SELECTOR = YES;
				GCC_WARN_UNINITIALIZED_AUTOS = YES_AGGRESSIVE;
				GCC_WARN_UNUSED_FUNCTION = YES;
				GCC_WARN_UNUSED_VARIABLE = YES;
				IPHONEOS_DEPLOYMENT_TARGET = 8.3;
				MTL_ENABLE_DEBUG_INFO = NO;
				SDKROOT = iphoneos;
				VALIDATE_PRODUCT = YES;
			};
			name = Release;
		};
		B5782ED91B0B7FB600A6BA45 /* Debug */ = {
			isa = XCBuildConfiguration;
			buildSettings = {
				ASSETCATALOG_COMPILER_APPICON_NAME = AppIcon;
				INFOPLIST_FILE = NinjaGame/Info.plist;
				LD_RUNPATH_SEARCH_PATHS = "$(inherited) @executable_path/Frameworks";
				PRODUCT_NAME = "$(TARGET_NAME)";
			};
			name = Debug;
		};
		B5782EDA1B0B7FB600A6BA45 /* Release */ = {
			isa = XCBuildConfiguration;
			buildSettings = {
				ASSETCATALOG_COMPILER_APPICON_NAME = AppIcon;
				INFOPLIST_FILE = NinjaGame/Info.plist;
				LD_RUNPATH_SEARCH_PATHS = "$(inherited) @executable_path/Frameworks";
				PRODUCT_NAME = "$(TARGET_NAME)";
			};
			name = Release;
		};
		B5782EDC1B0B7FB600A6BA45 /* Debug */ = {
			isa = XCBuildConfiguration;
			baseConfigurationReference = 70596BAC8FADC883E7DBB20E /* Pods-NinjaGameTests.debug.xcconfig */;
			buildSettings = {
				BUNDLE_LOADER = "$(TEST_HOST)";
				CLANG_ENABLE_MODULES = YES;
				FRAMEWORK_SEARCH_PATHS = (
					"$(SDKROOT)/Developer/Library/Frameworks",
					"$(inherited)",
				);
				GCC_PREPROCESSOR_DEFINITIONS = (
					"DEBUG=1",
					"$(inherited)",
				);
				INFOPLIST_FILE = NinjaGameTests/Info.plist;
				LD_RUNPATH_SEARCH_PATHS = "$(inherited) @executable_path/Frameworks @loader_path/Frameworks";
				PRODUCT_NAME = "$(TARGET_NAME)";
				SWIFT_OBJC_BRIDGING_HEADER = "NinjaGameTests/NinjaGameTests-Bridging-Header.h";
				SWIFT_OPTIMIZATION_LEVEL = "-Onone";
				TEST_HOST = "$(BUILT_PRODUCTS_DIR)/NinjaGame.app/NinjaGame";
			};
			name = Debug;
		};
		B5782EDD1B0B7FB600A6BA45 /* Release */ = {
			isa = XCBuildConfiguration;
			baseConfigurationReference = 5B56C51A64D00D83BE8D83AA /* Pods-NinjaGameTests.release.xcconfig */;
			buildSettings = {
				BUNDLE_LOADER = "$(TEST_HOST)";
				CLANG_ENABLE_MODULES = YES;
				FRAMEWORK_SEARCH_PATHS = (
					"$(SDKROOT)/Developer/Library/Frameworks",
					"$(inherited)",
				);
				INFOPLIST_FILE = NinjaGameTests/Info.plist;
				LD_RUNPATH_SEARCH_PATHS = "$(inherited) @executable_path/Frameworks @loader_path/Frameworks";
				PRODUCT_NAME = "$(TARGET_NAME)";
				SWIFT_OBJC_BRIDGING_HEADER = "NinjaGameTests/NinjaGameTests-Bridging-Header.h";
				TEST_HOST = "$(BUILT_PRODUCTS_DIR)/NinjaGame.app/NinjaGame";
			};
			name = Release;
		};
/* End XCBuildConfiguration section */

/* Begin XCConfigurationList section */
		B5782EB41B0B7FB600A6BA45 /* Build configuration list for PBXProject "NinjaGame" */ = {
			isa = XCConfigurationList;
			buildConfigurations = (
				B5782ED61B0B7FB600A6BA45 /* Debug */,
				B5782ED71B0B7FB600A6BA45 /* Release */,
			);
			defaultConfigurationIsVisible = 0;
			defaultConfigurationName = Release;
		};
		B5782ED81B0B7FB600A6BA45 /* Build configuration list for PBXNativeTarget "NinjaGame" */ = {
			isa = XCConfigurationList;
			buildConfigurations = (
				B5782ED91B0B7FB600A6BA45 /* Debug */,
				B5782EDA1B0B7FB600A6BA45 /* Release */,
			);
			defaultConfigurationIsVisible = 0;
			defaultConfigurationName = Release;
		};
		B5782EDB1B0B7FB600A6BA45 /* Build configuration list for PBXNativeTarget "NinjaGameTests" */ = {
			isa = XCConfigurationList;
			buildConfigurations = (
				B5782EDC1B0B7FB600A6BA45 /* Debug */,
				B5782EDD1B0B7FB600A6BA45 /* Release */,
			);
			defaultConfigurationIsVisible = 0;
			defaultConfigurationName = Release;
		};
/* End XCConfigurationList section */
	};
	rootObject = B5782EB11B0B7FB600A6BA45 /* Project object */;
}
